
Microsoft Visual Studio Solution File, Format Version 12.00
# Visual Studio Version 16
VisualStudioVersion = 16.0.30503.244
MinimumVisualStudioVersion = 10.0.40219.1
Project("{8BC9CEB8-8B4A-11D0-8D11-00A0C91BC942}") = "TP_201702018_박지우", "TP_201702018_박지우\TP_201702018_박지우.vcxproj", "{28BA388A-263D-4D1D-8BB6-9198447C3ACC}"
EndProject
Global
	GlobalSection(SolutionConfigurationPlatforms) = preSolution
		Debug|x64 = Debug|x64
		Debug|x86 = Debug|x86
		Release|x64 = Release|x64
		Release|x86 = Release|x86
	EndGlobalSection
	GlobalSection(ProjectConfigurationPlatforms) = postSolution
		{28BA388A-263D-4D1D-8BB6-9198447C3ACC}.Debug|x64.ActiveCfg = Debug|x64
		{28BA388A-263D-4D1D-8BB6-9198447C3ACC}.Debug|x64.Build.0 = Debug|x64
		{28BA388A-263D-4D1D-8BB6-9198447C3ACC}.Debug|x86.ActiveCfg = Debug|Win32
		{28BA388A-263D-4D1D-8BB6-9198447C3ACC}.Debug|x86.Build.0 = Debug|Win32
		{28BA388A-263D-4D1D-8BB6-9198447C3ACC}.Release|x64.ActiveCfg = Release|x64
		{28BA388A-263D-4D1D-8BB6-9198447C3ACC}.Release|x64.Build.0 = Release|x64
		{28BA388A-263D-4D1D-8BB6-9198447C3ACC}.Release|x86.ActiveCfg = Release|Win32
		{28BA388A-263D-4D1D-8BB6-9198447C3ACC}.Release|x86.Build.0 = Release|Win32
	EndGlobalSection
	GlobalSection(SolutionProperties) = preSolution
		HideSolutionNode = FALSE
	EndGlobalSection
	GlobalSection(ExtensibilityGlobals) = postSolution
		SolutionGuid = {252DCB1A-6921-4218-BD49-158FF3CE12A5}
	EndGlobalSection
EndGlobal
